
Microsoft Visual Studio Solution File, Format Version 12.00
# Visual Studio Version 16
VisualStudioVersion = 16.0.31729.503
MinimumVisualStudioVersion = 10.0.40219.1
Project("{FAE04EC0-301F-11D3-BF4B-00C04F79EFBC}") = "Accelerometer.Android", "Accelerometer\Accelerometer.Android\Accelerometer.Android.csproj", "{A30F6861-A69B-4D35-9B73-DA3205782722}"
EndProject
Project("{FAE04EC0-301F-11D3-BF4B-00C04F79EFBC}") = "Accelerometer", "Accelerometer\Accelerometer\Accelerometer.csproj", "{7F81707C-A1D9-454B-86C4-112E6485140C}"
EndProject
Global
	GlobalSection(SolutionConfigurationPlatforms) = preSolution
		Debug|Any CPU = Debug|Any CPU
		Release|Any CPU = Release|Any CPU
	EndGlobalSection
	GlobalSection(ProjectConfigurationPlatforms) = postSolution
		{A30F6861-A69B-4D35-9B73-DA3205782722}.Debug|Any CPU.ActiveCfg = Debug|Any CPU
		{A30F6861-A69B-4D35-9B73-DA3205782722}.Debug|Any CPU.Build.0 = Debug|Any CPU
		{A30F6861-A69B-4D35-9B73-DA3205782722}.Debug|Any CPU.Deploy.0 = Debug|Any CPU
		{A30F6861-A69B-4D35-9B73-DA3205782722}.Release|Any CPU.ActiveCfg = Release|Any CPU
		{A30F6861-A69B-4D35-9B73-DA3205782722}.Release|Any CPU.Build.0 = Release|Any CPU
		{A30F6861-A69B-4D35-9B73-DA3205782722}.Release|Any CPU.Deploy.0 = Release|Any CPU
		{7F81707C-A1D9-454B-86C4-112E6485140C}.Debug|Any CPU.ActiveCfg = Debug|Any CPU
		{7F81707C-A1D9-454B-86C4-112E6485140C}.Debug|Any CPU.Build.0 = Debug|Any CPU
		{7F81707C-A1D9-454B-86C4-112E6485140C}.Debug|Any CPU.Deploy.0 = Debug|Any CPU
		{7F81707C-A1D9-454B-86C4-112E6485140C}.Release|Any CPU.ActiveCfg = Release|Any CPU
		{7F81707C-A1D9-454B-86C4-112E6485140C}.Release|Any CPU.Build.0 = Release|Any CPU
		{7F81707C-A1D9-454B-86C4-112E6485140C}.Release|Any CPU.Deploy.0 = Release|Any CPU
	EndGlobalSection
	GlobalSection(SolutionProperties) = preSolution
		HideSolutionNode = FALSE
	EndGlobalSection
	GlobalSection(ExtensibilityGlobals) = postSolution
		SolutionGuid = {05B8835D-0865-4B45-9435-E5B0D0E99119}
	EndGlobalSection
EndGlobal
